
Microsoft Visual Studio Solution File, Format Version 12.00
Project("{FAE04EC0-301F-11D3-BF4B-00C04F79EFBC}") = "Api", "Api\Api.csproj", "{15947CB4-FEEC-4084-8A18-3543CB5ABBF2}"
EndProject
Project("{FAE04EC0-301F-11D3-BF4B-00C04F79EFBC}") = "Tests", "Tests\Tests.csproj", "{141DCCB5-E09F-493A-83FD-2761A9140315}"
EndProject
Global
	GlobalSection(SolutionConfigurationPlatforms) = preSolution
		Debug|Any CPU = Debug|Any CPU
		Release|Any CPU = Release|Any CPU
	EndGlobalSection
	GlobalSection(ProjectConfigurationPlatforms) = postSolution
		{15947CB4-FEEC-4084-8A18-3543CB5ABBF2}.Debug|Any CPU.ActiveCfg = Debug|Any CPU
		{15947CB4-FEEC-4084-8A18-3543CB5ABBF2}.Debug|Any CPU.Build.0 = Debug|Any CPU
		{15947CB4-FEEC-4084-8A18-3543CB5ABBF2}.Release|Any CPU.ActiveCfg = Release|Any CPU
		{15947CB4-FEEC-4084-8A18-3543CB5ABBF2}.Release|Any CPU.Build.0 = Release|Any CPU
		{141DCCB5-E09F-493A-83FD-2761A9140315}.Debug|Any CPU.ActiveCfg = Debug|Any CPU
		{141DCCB5-E09F-493A-83FD-2761A9140315}.Debug|Any CPU.Build.0 = Debug|Any CPU
		{141DCCB5-E09F-493A-83FD-2761A9140315}.Release|Any CPU.ActiveCfg = Release|Any CPU
		{141DCCB5-E09F-493A-83FD-2761A9140315}.Release|Any CPU.Build.0 = Release|Any CPU
	EndGlobalSection
EndGlobal
